
Microsoft Visual Studio Solution File, Format Version 12.00
# Visual Studio Version 17
VisualStudioVersion = 17.9.34728.123
MinimumVisualStudioVersion = 10.0.40219.1
Project("{FAE04EC0-301F-11D3-BF4B-00C04F79EFBC}") = "SessionAPI", "SessionAPI\SessionAPI.csproj", "{140CF06D-060C-42C5-BD18-89F6FDF05D04}"
EndProject
Global
	GlobalSection(SolutionConfigurationPlatforms) = preSolution
		Debug|Any CPU = Debug|Any CPU
		Release|Any CPU = Release|Any CPU
	EndGlobalSection
	GlobalSection(ProjectConfigurationPlatforms) = postSolution
		{140CF06D-060C-42C5-BD18-89F6FDF05D04}.Debug|Any CPU.ActiveCfg = Debug|Any CPU
		{140CF06D-060C-42C5-BD18-89F6FDF05D04}.Debug|Any CPU.Build.0 = Debug|Any CPU
		{140CF06D-060C-42C5-BD18-89F6FDF05D04}.Release|Any CPU.ActiveCfg = Release|Any CPU
		{140CF06D-060C-42C5-BD18-89F6FDF05D04}.Release|Any CPU.Build.0 = Release|Any CPU
	EndGlobalSection
	GlobalSection(SolutionProperties) = preSolution
		HideSolutionNode = FALSE
	EndGlobalSection
	GlobalSection(ExtensibilityGlobals) = postSolution
		SolutionGuid = {5AA6675F-1BCE-4BA9-8F05-79BB83F64953}
	EndGlobalSection
EndGlobal
